PODS:
  - Flutter (1.0.0)
  - flutter_device (0.0.1):
    - Flutter
    - ReachabilitySwift
  - integration_test (0.0.1):
    - Flutter
  - ReachabilitySwift (5.0.0)

DEPENDENCIES:
  - Flutter (from `Flutter`)
  - flutter_device (from `.symlinks/plugins/flutter_device/ios`)
  - integration_test (from `.symlinks/plugins/integration_test/ios`)

SPEC REPOS:
  trunk:
    - ReachabilitySwift

EXTERNAL SOURCES:
  Flutter:
    :path: Flutter
  flutter_device:
    :path: ".symlinks/plugins/flutter_device/ios"
  integration_test:
    :path: ".symlinks/plugins/integration_test/ios"

SPEC CHECKSUMS:
  Flutter: f04841e97a9d0b0a8025694d0796dd46242b2854
  flutter_device: e65e984a135ebbd33d3f2c9ebe3517dc6b26f808
  integration_test: a1e7d09bd98eca2fc37aefd79d4f41ad37bdbbe5
  ReachabilitySwift: 985039c6f7b23a1da463388634119492ff86c825

PODFILE CHECKSUM: 788ba377bb101b8627927ae70c5fe25322326aa8

COCOAPODS: 1.12.0
